
Microsoft Visual Studio Solution File, Format Version 12.00
# Visual Studio Version 16
VisualStudioVersion = 16.0.30413.136
MinimumVisualStudioVersion = 10.0.40219.1
Project("{FAE04EC0-301F-11D3-BF4B-00C04F79EFBC}") = "Trivia", "Trivia\Trivia.csproj", "{A9EAA916-D8BE-4949-8E1B-7B8E3D1A1CDD}"
EndProject
Global
	GlobalSection(SolutionConfigurationPlatforms) = preSolution
		Debug|Any CPU = Debug|Any CPU
		Release|Any CPU = Release|Any CPU
	EndGlobalSection
	GlobalSection(ProjectConfigurationPlatforms) = postSolution
		{A9EAA916-D8BE-4949-8E1B-7B8E3D1A1CDD}.Debug|Any CPU.ActiveCfg = Debug|Any CPU
		{A9EAA916-D8BE-4949-8E1B-7B8E3D1A1CDD}.Debug|Any CPU.Build.0 = Debug|Any CPU
		{A9EAA916-D8BE-4949-8E1B-7B8E3D1A1CDD}.Debug|Any CPU.Deploy.0 = Debug|Any CPU
		{A9EAA916-D8BE-4949-8E1B-7B8E3D1A1CDD}.Release|Any CPU.ActiveCfg = Release|Any CPU
		{A9EAA916-D8BE-4949-8E1B-7B8E3D1A1CDD}.Release|Any CPU.Build.0 = Release|Any CPU
		{A9EAA916-D8BE-4949-8E1B-7B8E3D1A1CDD}.Release|Any CPU.Deploy.0 = Release|Any CPU
	EndGlobalSection
	GlobalSection(SolutionProperties) = preSolution
		HideSolutionNode = FALSE
	EndGlobalSection
	GlobalSection(ExtensibilityGlobals) = postSolution
		SolutionGuid = {5B743E4A-27E7-4DAC-88B2-110302BB6211}
	EndGlobalSection
EndGlobal
